
Microsoft Visual Studio Solution File, Format Version 12.00
# Visual Studio Version 17
VisualStudioVersion = 17.10.35013.160
MinimumVisualStudioVersion = 10.0.40219.1
Project("{2150E333-8FDC-42A3-9474-1A3956D46DE8}") = "Server", "Server", "{B9533E43-8346-4BB7-9055-639753DA5DED}"
EndProject
Project("{2150E333-8FDC-42A3-9474-1A3956D46DE8}") = "Client", "Client", "{98068D55-5924-4A69-A9C9-80C7F25F71E9}"
EndProject
Project("{9A19103F-16F7-4668-BE54-9A1E7A4F7556}") = "WebAPI", "WebAPI\WebAPI.csproj", "{5112004F-1D61-4FF3-A71A-3B86F3453181}"
EndProject
Project("{9A19103F-16F7-4668-BE54-9A1E7A4F7556}") = "ServerLibrary", "ServerLibrary\ServerLibrary.csproj", "{3D329771-9D0F-452E-B26E-0E49D5C309D6}"
EndProject
Project("{9A19103F-16F7-4668-BE54-9A1E7A4F7556}") = "ClientLibrary", "ClientLibrary\ClientLibrary.csproj", "{D17E494B-68FD-4EF2-B91A-29A3F6A4AD59}"
EndProject
Project("{9A19103F-16F7-4668-BE54-9A1E7A4F7556}") = "ClientUI", "WinFormsUI\ClientUI.csproj", "{146B17B3-0655-4113-B6A1-8D44A863DE25}"
EndProject
Project("{FAE04EC0-301F-11D3-BF4B-00C04F79EFBC}") = "SharedLibrary", "SharedLibrary\SharedLibrary.csproj", "{3E644EB3-0326-4654-8E90-2129B6F822F1}"
EndProject
Project("{FAE04EC0-301F-11D3-BF4B-00C04F79EFBC}") = "AdminUI", "AdminUI\AdminUI.csproj", "{D2660BF9-6CF6-429F-AC9C-A67A8144EC13}"
EndProject
Project("{2150E333-8FDC-42A3-9474-1A3956D46DE8}") = "Admin", "Admin", "{C6BECFE3-A3CB-4717-B481-6CE1E87AE664}"
EndProject
Project("{FAE04EC0-301F-11D3-BF4B-00C04F79EFBC}") = "AdminLibrary", "AdminLibrary\AdminLibrary.csproj", "{D0470357-9F7C-4179-9BD8-3A07888F6119}"
EndProject
Project("{FAE04EC0-301F-11D3-BF4B-00C04F79EFBC}") = "ClientLibrary.Tests", "ClientLibrary.Tests\ClientLibrary.Tests.csproj", "{A42C2B61-FBC5-4C95-9670-99398B1F64E9}"
EndProject
Project("{FAE04EC0-301F-11D3-BF4B-00C04F79EFBC}") = "ServerLibrary.Tests", "ServerLibrary.Tests\ServerLibrary.Tests.csproj", "{551BE3CC-4A9E-4281-8614-9E6F340BA936}"
EndProject
Project("{2150E333-8FDC-42A3-9474-1A3956D46DE8}") = "Shared", "Shared", "{02EA681E-C7D8-13C7-8484-4AC65E1B71E8}"
EndProject
Project("{FAE04EC0-301F-11D3-BF4B-00C04F79EFBC}") = "SharedLibrary.Tests", "SharedLibrary.Tests\SharedLibrary.Tests.csproj", "{8453491C-51BE-4F8E-B1E5-02D8F0135D25}"
EndProject
Global
	GlobalSection(SolutionConfigurationPlatforms) = preSolution
		Debug|Any CPU = Debug|Any CPU
		Debug|x64 = Debug|x64
		Release|Any CPU = Release|Any CPU
		Release|x64 = Release|x64
	EndGlobalSection
	GlobalSection(ProjectConfigurationPlatforms) = postSolution
		{5112004F-1D61-4FF3-A71A-3B86F3453181}.Debug|Any CPU.ActiveCfg = Debug|Any CPU
		{5112004F-1D61-4FF3-A71A-3B86F3453181}.Debug|Any CPU.Build.0 = Debug|Any CPU
		{5112004F-1D61-4FF3-A71A-3B86F3453181}.Debug|x64.ActiveCfg = Debug|Any CPU
		{5112004F-1D61-4FF3-A71A-3B86F3453181}.Debug|x64.Build.0 = Debug|Any CPU
		{5112004F-1D61-4FF3-A71A-3B86F3453181}.Release|Any CPU.ActiveCfg = Release|Any CPU
		{5112004F-1D61-4FF3-A71A-3B86F3453181}.Release|Any CPU.Build.0 = Release|Any CPU
		{5112004F-1D61-4FF3-A71A-3B86F3453181}.Release|x64.ActiveCfg = Release|x64
		{5112004F-1D61-4FF3-A71A-3B86F3453181}.Release|x64.Build.0 = Release|x64
		{3D329771-9D0F-452E-B26E-0E49D5C309D6}.Debug|Any CPU.ActiveCfg = Debug|Any CPU
		{3D329771-9D0F-452E-B26E-0E49D5C309D6}.Debug|Any CPU.Build.0 = Debug|Any CPU
		{3D329771-9D0F-452E-B26E-0E49D5C309D6}.Debug|x64.ActiveCfg = Debug|Any CPU
		{3D329771-9D0F-452E-B26E-0E49D5C309D6}.Debug|x64.Build.0 = Debug|Any CPU
		{3D329771-9D0F-452E-B26E-0E49D5C309D6}.Release|Any CPU.ActiveCfg = Release|Any CPU
		{3D329771-9D0F-452E-B26E-0E49D5C309D6}.Release|Any CPU.Build.0 = Release|Any CPU
		{3D329771-9D0F-452E-B26E-0E49D5C309D6}.Release|x64.ActiveCfg = Release|x64
		{3D329771-9D0F-452E-B26E-0E49D5C309D6}.Release|x64.Build.0 = Release|x64
		{D17E494B-68FD-4EF2-B91A-29A3F6A4AD59}.Debug|Any CPU.ActiveCfg = Debug|Any CPU
		{D17E494B-68FD-4EF2-B91A-29A3F6A4AD59}.Debug|Any CPU.Build.0 = Debug|Any CPU
		{D17E494B-68FD-4EF2-B91A-29A3F6A4AD59}.Debug|x64.ActiveCfg = Debug|Any CPU
		{D17E494B-68FD-4EF2-B91A-29A3F6A4AD59}.Debug|x64.Build.0 = Debug|Any CPU
		{D17E494B-68FD-4EF2-B91A-29A3F6A4AD59}.Release|Any CPU.ActiveCfg = Release|Any CPU
		{D17E494B-68FD-4EF2-B91A-29A3F6A4AD59}.Release|Any CPU.Build.0 = Release|Any CPU
		{D17E494B-68FD-4EF2-B91A-29A3F6A4AD59}.Release|x64.ActiveCfg = Release|x64
		{D17E494B-68FD-4EF2-B91A-29A3F6A4AD59}.Release|x64.Build.0 = Release|x64
		{146B17B3-0655-4113-B6A1-8D44A863DE25}.Debug|Any CPU.ActiveCfg = Debug|Any CPU
		{146B17B3-0655-4113-B6A1-8D44A863DE25}.Debug|Any CPU.Build.0 = Debug|Any CPU
		{146B17B3-0655-4113-B6A1-8D44A863DE25}.Debug|x64.ActiveCfg = Debug|Any CPU
		{146B17B3-0655-4113-B6A1-8D44A863DE25}.Debug|x64.Build.0 = Debug|Any CPU
		{146B17B3-0655-4113-B6A1-8D44A863DE25}.Release|Any CPU.ActiveCfg = Release|Any CPU
		{146B17B3-0655-4113-B6A1-8D44A863DE25}.Release|Any CPU.Build.0 = Release|Any CPU
		{146B17B3-0655-4113-B6A1-8D44A863DE25}.Release|x64.ActiveCfg = Release|x64
		{146B17B3-0655-4113-B6A1-8D44A863DE25}.Release|x64.Build.0 = Release|x64
		{3E644EB3-0326-4654-8E90-2129B6F822F1}.Debug|Any CPU.ActiveCfg = Debug|Any CPU
		{3E644EB3-0326-4654-8E90-2129B6F822F1}.Debug|Any CPU.Build.0 = Debug|Any CPU
		{3E644EB3-0326-4654-8E90-2129B6F822F1}.Debug|x64.ActiveCfg = Debug|Any CPU
		{3E644EB3-0326-4654-8E90-2129B6F822F1}.Debug|x64.Build.0 = Debug|Any CPU
		{3E644EB3-0326-4654-8E90-2129B6F822F1}.Release|Any CPU.ActiveCfg = Release|Any CPU
		{3E644EB3-0326-4654-8E90-2129B6F822F1}.Release|Any CPU.Build.0 = Release|Any CPU
		{3E644EB3-0326-4654-8E90-2129B6F822F1}.Release|x64.ActiveCfg = Release|x64
		{3E644EB3-0326-4654-8E90-2129B6F822F1}.Release|x64.Build.0 = Release|x64
		{D2660BF9-6CF6-429F-AC9C-A67A8144EC13}.Debug|Any CPU.ActiveCfg = Debug|Any CPU
		{D2660BF9-6CF6-429F-AC9C-A67A8144EC13}.Debug|Any CPU.Build.0 = Debug|Any CPU
		{D2660BF9-6CF6-429F-AC9C-A67A8144EC13}.Debug|x64.ActiveCfg = Debug|Any CPU
		{D2660BF9-6CF6-429F-AC9C-A67A8144EC13}.Debug|x64.Build.0 = Debug|Any CPU
		{D2660BF9-6CF6-429F-AC9C-A67A8144EC13}.Release|Any CPU.ActiveCfg = Release|Any CPU
		{D2660BF9-6CF6-429F-AC9C-A67A8144EC13}.Release|Any CPU.Build.0 = Release|Any CPU
		{D2660BF9-6CF6-429F-AC9C-A67A8144EC13}.Release|x64.ActiveCfg = Release|x64
		{D2660BF9-6CF6-429F-AC9C-A67A8144EC13}.Release|x64.Build.0 = Release|x64
		{D0470357-9F7C-4179-9BD8-3A07888F6119}.Debug|Any CPU.ActiveCfg = Debug|Any CPU
		{D0470357-9F7C-4179-9BD8-3A07888F6119}.Debug|Any CPU.Build.0 = Debug|Any CPU
		{D0470357-9F7C-4179-9BD8-3A07888F6119}.Debug|x64.ActiveCfg = Debug|Any CPU
		{D0470357-9F7C-4179-9BD8-3A07888F6119}.Debug|x64.Build.0 = Debug|Any CPU
		{D0470357-9F7C-4179-9BD8-3A07888F6119}.Release|Any CPU.ActiveCfg = Release|Any CPU
		{D0470357-9F7C-4179-9BD8-3A07888F6119}.Release|Any CPU.Build.0 = Release|Any CPU
		{D0470357-9F7C-4179-9BD8-3A07888F6119}.Release|x64.ActiveCfg = Release|x64
		{D0470357-9F7C-4179-9BD8-3A07888F6119}.Release|x64.Build.0 = Release|x64
		{A42C2B61-FBC5-4C95-9670-99398B1F64E9}.Debug|Any CPU.ActiveCfg = Debug|Any CPU
		{A42C2B61-FBC5-4C95-9670-99398B1F64E9}.Debug|Any CPU.Build.0 = Debug|Any CPU
		{A42C2B61-FBC5-4C95-9670-99398B1F64E9}.Debug|x64.ActiveCfg = Debug|Any CPU
		{A42C2B61-FBC5-4C95-9670-99398B1F64E9}.Debug|x64.Build.0 = Debug|Any CPU
		{A42C2B61-FBC5-4C95-9670-99398B1F64E9}.Release|Any CPU.ActiveCfg = Release|Any CPU
		{A42C2B61-FBC5-4C95-9670-99398B1F64E9}.Release|Any CPU.Build.0 = Release|Any CPU
		{A42C2B61-FBC5-4C95-9670-99398B1F64E9}.Release|x64.ActiveCfg = Release|x64
		{A42C2B61-FBC5-4C95-9670-99398B1F64E9}.Release|x64.Build.0 = Release|x64
		{551BE3CC-4A9E-4281-8614-9E6F340BA936}.Debug|Any CPU.ActiveCfg = Debug|Any CPU
		{551BE3CC-4A9E-4281-8614-9E6F340BA936}.Debug|Any CPU.Build.0 = Debug|Any CPU
		{551BE3CC-4A9E-4281-8614-9E6F340BA936}.Debug|x64.ActiveCfg = Debug|Any CPU
		{551BE3CC-4A9E-4281-8614-9E6F340BA936}.Debug|x64.Build.0 = Debug|Any CPU
		{551BE3CC-4A9E-4281-8614-9E6F340BA936}.Release|Any CPU.ActiveCfg = Release|Any CPU
		{551BE3CC-4A9E-4281-8614-9E6F340BA936}.Release|Any CPU.Build.0 = Release|Any CPU
		{551BE3CC-4A9E-4281-8614-9E6F340BA936}.Release|x64.ActiveCfg = Release|x64
		{551BE3CC-4A9E-4281-8614-9E6F340BA936}.Release|x64.Build.0 = Release|x64
		{8453491C-51BE-4F8E-B1E5-02D8F0135D25}.Debug|Any CPU.ActiveCfg = Debug|Any CPU
		{8453491C-51BE-4F8E-B1E5-02D8F0135D25}.Debug|Any CPU.Build.0 = Debug|Any CPU
		{8453491C-51BE-4F8E-B1E5-02D8F0135D25}.Debug|x64.ActiveCfg = Debug|Any CPU
		{8453491C-51BE-4F8E-B1E5-02D8F0135D25}.Debug|x64.Build.0 = Debug|Any CPU
		{8453491C-51BE-4F8E-B1E5-02D8F0135D25}.Release|Any CPU.ActiveCfg = Release|Any CPU
		{8453491C-51BE-4F8E-B1E5-02D8F0135D25}.Release|Any CPU.Build.0 = Release|Any CPU
		{8453491C-51BE-4F8E-B1E5-02D8F0135D25}.Release|x64.ActiveCfg = Release|x64
		{8453491C-51BE-4F8E-B1E5-02D8F0135D25}.Release|x64.Build.0 = Release|x64
	EndGlobalSection
	GlobalSection(SolutionProperties) = preSolution
		HideSolutionNode = FALSE
	EndGlobalSection
	GlobalSection(NestedProjects) = preSolution
		{5112004F-1D61-4FF3-A71A-3B86F3453181} = {B9533E43-8346-4BB7-9055-639753DA5DED}
		{3D329771-9D0F-452E-B26E-0E49D5C309D6} = {B9533E43-8346-4BB7-9055-639753DA5DED}
		{D17E494B-68FD-4EF2-B91A-29A3F6A4AD59} = {98068D55-5924-4A69-A9C9-80C7F25F71E9}
		{146B17B3-0655-4113-B6A1-8D44A863DE25} = {98068D55-5924-4A69-A9C9-80C7F25F71E9}
		{3E644EB3-0326-4654-8E90-2129B6F822F1} = {02EA681E-C7D8-13C7-8484-4AC65E1B71E8}
		{D2660BF9-6CF6-429F-AC9C-A67A8144EC13} = {C6BECFE3-A3CB-4717-B481-6CE1E87AE664}
		{D0470357-9F7C-4179-9BD8-3A07888F6119} = {C6BECFE3-A3CB-4717-B481-6CE1E87AE664}
		{A42C2B61-FBC5-4C95-9670-99398B1F64E9} = {98068D55-5924-4A69-A9C9-80C7F25F71E9}
		{551BE3CC-4A9E-4281-8614-9E6F340BA936} = {B9533E43-8346-4BB7-9055-639753DA5DED}
		{8453491C-51BE-4F8E-B1E5-02D8F0135D25} = {02EA681E-C7D8-13C7-8484-4AC65E1B71E8}
	EndGlobalSection
	GlobalSection(ExtensibilityGlobals) = postSolution
		SolutionGuid = {F0FBB243-5961-4D7F-B0D9-A79BC91DCD65}
	EndGlobalSection
EndGlobal
